
Microsoft Visual Studio Solution File, Format Version 12.00
# Visual Studio 15
VisualStudioVersion = 15.0.27703.2047
MinimumVisualStudioVersion = 10.0.40219.1
Project("{FAE04EC0-301F-11D3-BF4B-00C04F79EFBC}") = "FoodDeliverySystem.Web", "FoodDeliverySystem.Web\FoodDeliverySystem.Web.csproj", "{E47FCE75-CBD3-4FE6-AA2D-F8BFDD5086BD}"
EndProject
Project("{FAE04EC0-301F-11D3-BF4B-00C04F79EFBC}") = "FoodDeliverySystem.Models", "FoodDeliverySystem.Models\FoodDeliverySystem.Models.csproj", "{B4AF4A6C-7EB4-4C3D-BC0D-881809CF2ECF}"
EndProject
Project("{FAE04EC0-301F-11D3-BF4B-00C04F79EFBC}") = "FoodDeliverySystem.Data", "FoodDeliverySystem.Data\FoodDeliverySystem.Data.csproj", "{06E40724-1645-492F-98AA-9B56BB2C52C6}"
EndProject
Project("{FAE04EC0-301F-11D3-BF4B-00C04F79EFBC}") = "FoodDeliverySystem.Common", "FoodDeliverySystem.Common\FoodDeliverySystem.Common.csproj", "{CEE017B2-51D9-4450-9DF6-571771DA92C2}"
EndProject
Project("{FAE04EC0-301F-11D3-BF4B-00C04F79EFBC}") = "FoodDeliverySystem.Services", "FoodDeliverySystem.Services\FoodDeliverySystem.Services.csproj", "{55DB288F-9AAF-4634-B656-BE60B6B42F86}"
EndProject
Global
	GlobalSection(SolutionConfigurationPlatforms) = preSolution
		Debug|Any CPU = Debug|Any CPU
		Release|Any CPU = Release|Any CPU
	EndGlobalSection
	GlobalSection(ProjectConfigurationPlatforms) = postSolution
		{E47FCE75-CBD3-4FE6-AA2D-F8BFDD5086BD}.Debug|Any CPU.ActiveCfg = Debug|Any CPU
		{E47FCE75-CBD3-4FE6-AA2D-F8BFDD5086BD}.Debug|Any CPU.Build.0 = Debug|Any CPU
		{E47FCE75-CBD3-4FE6-AA2D-F8BFDD5086BD}.Release|Any CPU.ActiveCfg = Release|Any CPU
		{E47FCE75-CBD3-4FE6-AA2D-F8BFDD5086BD}.Release|Any CPU.Build.0 = Release|Any CPU
		{B4AF4A6C-7EB4-4C3D-BC0D-881809CF2ECF}.Debug|Any CPU.ActiveCfg = Debug|Any CPU
		{B4AF4A6C-7EB4-4C3D-BC0D-881809CF2ECF}.Debug|Any CPU.Build.0 = Debug|Any CPU
		{B4AF4A6C-7EB4-4C3D-BC0D-881809CF2ECF}.Release|Any CPU.ActiveCfg = Release|Any CPU
		{B4AF4A6C-7EB4-4C3D-BC0D-881809CF2ECF}.Release|Any CPU.Build.0 = Release|Any CPU
		{06E40724-1645-492F-98AA-9B56BB2C52C6}.Debug|Any CPU.ActiveCfg = Debug|Any CPU
		{06E40724-1645-492F-98AA-9B56BB2C52C6}.Debug|Any CPU.Build.0 = Debug|Any CPU
		{06E40724-1645-492F-98AA-9B56BB2C52C6}.Release|Any CPU.ActiveCfg = Release|Any CPU
		{06E40724-1645-492F-98AA-9B56BB2C52C6}.Release|Any CPU.Build.0 = Release|Any CPU
		{CEE017B2-51D9-4450-9DF6-571771DA92C2}.Debug|Any CPU.ActiveCfg = Debug|Any CPU
		{CEE017B2-51D9-4450-9DF6-571771DA92C2}.Debug|Any CPU.Build.0 = Debug|Any CPU
		{CEE017B2-51D9-4450-9DF6-571771DA92C2}.Release|Any CPU.ActiveCfg = Release|Any CPU
		{CEE017B2-51D9-4450-9DF6-571771DA92C2}.Release|Any CPU.Build.0 = Release|Any CPU
		{55DB288F-9AAF-4634-B656-BE60B6B42F86}.Debug|Any CPU.ActiveCfg = Debug|Any CPU
		{55DB288F-9AAF-4634-B656-BE60B6B42F86}.Debug|Any CPU.Build.0 = Debug|Any CPU
		{55DB288F-9AAF-4634-B656-BE60B6B42F86}.Release|Any CPU.ActiveCfg = Release|Any CPU
		{55DB288F-9AAF-4634-B656-BE60B6B42F86}.Release|Any CPU.Build.0 = Release|Any CPU
	EndGlobalSection
	GlobalSection(SolutionProperties) = preSolution
		HideSolutionNode = FALSE
	EndGlobalSection
	GlobalSection(ExtensibilityGlobals) = postSolution
		SolutionGuid = {1DB4004C-D7C3-4262-B05B-9F6AE84746DD}
	EndGlobalSection
EndGlobal
